// !$*UTF8*$!
{
	archiveVersion = 1;
	classes = {
	};
	objectVersion = 50;
	objects = {

/* Begin PBXBuildFile section */
		CD012BBB25BB629C00979ED1 /* AppDelegate.swift in Sources */ = {isa = PBXBuildFile; fileRef = CD012BBA25BB629C00979ED1 /* AppDelegate.swift */; };
		CD012BBD25BB629C00979ED1 /* SceneDelegate.swift in Sources */ = {isa = PBXBuildFile; fileRef = CD012BBC25BB629C00979ED1 /* SceneDelegate.swift */; };
		CD012BBF25BB629C00979ED1 /* HomeController.swift in Sources */ = {isa = PBXBuildFile; fileRef = CD012BBE25BB629C00979ED1 /* HomeController.swift */; };
		CD012BC225BB629C00979ED1 /* Main.storyboard in Resources */ = {isa = PBXBuildFile; fileRef = CD012BC025BB629C00979ED1 /* Main.storyboard */; };
		CD012BC425BB629C00979ED1 /* Assets.xcassets in Resources */ = {isa = PBXBuildFile; fileRef = CD012BC325BB629C00979ED1 /* Assets.xcassets */; };
		CD012BC725BB629C00979ED1 /* LaunchScreen.storyboard in Resources */ = {isa = PBXBuildFile; fileRef = CD012BC525BB629C00979ED1 /* LaunchScreen.storyboard */; };
		CD012BD125BB6E9000979ED1 /* MenuController.swift in Sources */ = {isa = PBXBuildFile; fileRef = CD012BD025BB6E9000979ED1 /* MenuController.swift */; };
/* End PBXBuildFile section */

/* Begin PBXFileReference section */
		CD012BB725BB629C00979ED1 /* Side Out Menu.app */ = {isa = PBXFileReference; explicitFileType = wrapper.application; includeInIndex = 0; path = "Side Out Menu.app"; sourceTree = BUILT_PRODUCTS_DIR; };
		CD012BBA25BB629C00979ED1 /* AppDelegate.swift */ = {isa = PBXFileReference; lastKnownFileType = sourcecode.swift; path = AppDelegate.swift; sourceTree = "<group>"; };
		CD012BBC25BB629C00979ED1 /* SceneDelegate.swift */ = {isa = PBXFileReference; lastKnownFileType = sourcecode.swift; path = SceneDelegate.swift; sourceTree = "<group>"; };
		CD012BBE25BB629C00979ED1 /* HomeController.swift */ = {isa = PBXFileReference; lastKnownFileType = sourcecode.swift; path = HomeController.swift; sourceTree = "<group>"; };
		CD012BC125BB629C00979ED1 /* Base */ = {isa = PBXFileReference; lastKnownFileType = file.storyboard; name = Base; path = Base.lproj/Main.storyboard; sourceTree = "<group>"; };
		CD012BC325BB629C00979ED1 /* Assets.xcassets */ = {isa = PBXFileReference; lastKnownFileType = folder.assetcatalog; path = Assets.xcassets; sourceTree = "<group>"; };
		CD012BC625BB629C00979ED1 /* Base */ = {isa = PBXFileReference; lastKnownFileType = file.storyboard; name = Base; path = Base.lproj/LaunchScreen.storyboard; sourceTree = "<group>"; };
		CD012BC825BB629C00979ED1 /* Info.plist */ = {isa = PBXFileReference; lastKnownFileType = text.plist.xml; path = Info.plist; sourceTree = "<group>"; };
		CD012BD025BB6E9000979ED1 /* MenuController.swift */ = {isa = PBXFileReference; lastKnownFileType = sourcecode.swift; path = MenuController.swift; sourceTree = "<group>"; };
/* End PBXFileReference section */

/* Begin PBXFrameworksBuildPhase section */
		CD012BB425BB629C00979ED1 /* Frameworks */ = {
			isa = PBXFrameworksBuildPhase;
			buildActionMask = 2147483647;
			files = (
			);
			runOnlyForDeploymentPostprocessing = 0;
		};
/* End PBXFrameworksBuildPhase section */

/* Begin PBXGroup section */
		CD012BAE25BB629C00979ED1 = {
			isa = PBXGroup;
			children = (
				CD012BB925BB629C00979ED1 /* Side Out Menu */,
				CD012BB825BB629C00979ED1 /* Products */,
			);
			sourceTree = "<group>";
		};
		CD012BB825BB629C00979ED1 /* Products */ = {
			isa = PBXGroup;
			children = (
				CD012BB725BB629C00979ED1 /* Side Out Menu.app */,
			);
			name = Products;
			sourceTree = "<group>";
		};
		CD012BB925BB629C00979ED1 /* Side Out Menu */ = {
			isa = PBXGroup;
			children = (
				CD012BBA25BB629C00979ED1 /* AppDelegate.swift */,
				CD012BBC25BB629C00979ED1 /* SceneDelegate.swift */,
				CD012BBE25BB629C00979ED1 /* HomeController.swift */,
				CD012BC025BB629C00979ED1 /* Main.storyboard */,
				CD012BC325BB629C00979ED1 /* Assets.xcassets */,
				CD012BC525BB629C00979ED1 /* LaunchScreen.storyboard */,
				CD012BC825BB629C00979ED1 /* Info.plist */,
				CD012BD025BB6E9000979ED1 /* MenuController.swift */,
			);
			path = "Side Out Menu";
			sourceTree = "<group>";
		};
/* End PBXGroup section */

/* Begin PBXNativeTarget section */
		CD012BB625BB629C00979ED1 /* Side Out Menu */ = {
			isa = PBXNativeTarget;
			buildConfigurationList = CD012BCB25BB629C00979ED1 /* Build configuration list for PBXNativeTarget "Side Out Menu" */;
			buildPhases = (
				CD012BB325BB629C00979ED1 /* Sources */,
				CD012BB425BB629C00979ED1 /* Frameworks */,
				CD012BB525BB629C00979ED1 /* Resources */,
			);
			buildRules = (
			);
			dependencies = (
			);
			name = "Side Out Menu";
			productName = "Side Out Menu";
			productReference = CD012BB725BB629C00979ED1 /* Side Out Menu.app */;
			productType = "com.apple.product-type.application";
		};
/* End PBXNativeTarget section */

/* Begin PBXProject section */
		CD012BAF25BB629C00979ED1 /* Project object */ = {
			isa = PBXProject;
			attributes = {
				LastSwiftUpdateCheck = 1230;
				LastUpgradeCheck = 1230;
				TargetAttributes = {
					CD012BB625BB629C00979ED1 = {
						CreatedOnToolsVersion = 12.3;
					};
				};
			};
			buildConfigurationList = CD012BB225BB629C00979ED1 /* Build configuration list for PBXProject "Side Out Menu" */;
			compatibilityVersion = "Xcode 9.3";
			developmentRegion = en;
			hasScannedForEncodings = 0;
			knownRegions = (
				en,
				Base,
			);
			mainGroup = CD012BAE25BB629C00979ED1;
			productRefGroup = CD012BB825BB629C00979ED1 /* Products */;
			projectDirPath = "";
			projectRoot = "";
			targets = (
				CD012BB625BB629C00979ED1 /* Side Out Menu */,
			);
		};
/* End PBXProject section */

/* Begin PBXResourcesBuildPhase section */
		CD012BB525BB629C00979ED1 /* Resources */ = {
			isa = PBXResourcesBuildPhase;
			buildActionMask = 2147483647;
			files = (
				CD012BC725BB629C00979ED1 /* LaunchScreen.storyboard in Resources */,
				CD012BC425BB629C00979ED1 /* Assets.xcassets in Resources */,
				CD012BC225BB629C00979ED1 /* Main.storyboard in Resources */,
			);
			runOnlyForDeploymentPostprocessing = 0;
		};
/* End PBXResourcesBuildPhase section */

/* Begin PBXSourcesBuildPhase section */
		CD012BB325BB629C00979ED1 /* Sources */ = {
			isa = PBXSourcesBuildPhase;
			buildActionMask = 2147483647;
			files = (
				CD012BD125BB6E9000979ED1 /* MenuController.swift in Sources */,
				CD012BBF25BB629C00979ED1 /* HomeController.swift in Sources */,
				CD012BBB25BB629C00979ED1 /* AppDelegate.swift in Sources */,
				CD012BBD25BB629C00979ED1 /* SceneDelegate.swift in Sources */,
			);
			runOnlyForDeploymentPostprocessing = 0;
		};
/* End PBXSourcesBuildPhase section */

/* Begin PBXVariantGroup section */
		CD012BC025BB629C00979ED1 /* Main.storyboard */ = {
			isa = PBXVariantGroup;
			children = (
				CD012BC125BB629C00979ED1 /* Base */,
			);
			name = Main.storyboard;
			sourceTree = "<group>";
		};
		CD012BC525BB629C00979ED1 /* LaunchScreen.storyboard */ = {
			isa = PBXVariantGroup;
			children = (
				CD012BC625BB629C00979ED1 /* Base */,
			);
			name = LaunchScreen.storyboard;
			sourceTree = "<group>";
		};
/* End PBXVariantGroup section */

/* Begin XCBuildConfiguration section */
		CD012BC925BB629C00979ED1 /* Debug */ = {
			isa = XCBuildConfiguration;
			buildSettings = {
				ALWAYS_SEARCH_USER_PATHS = NO;
				CLANG_ANALYZER_NONNULL = YES;
				CLANG_ANALYZER_NUMBER_OBJECT_CONVERSION = YES_AGGRESSIVE;
				CLANG_CXX_LANGUAGE_STANDARD = "gnu++14";
				CLANG_CXX_LIBRARY = "libc++";
				CLANG_ENABLE_MODULES = YES;
				CLANG_ENABLE_OBJC_ARC = YES;
				CLANG_ENABLE_OBJC_WEAK = YES;
				CLANG_WARN_BLOCK_CAPTURE_AUTORELEASING = YES;
				CLANG_WARN_BOOL_CONVERSION = YES;
				CLANG_WARN_COMMA = YES;
				CLANG_WARN_CONSTANT_CONVERSION = YES;
				CLANG_WARN_DEPRECATED_OBJC_IMPLEMENTATIONS = YES;
				CLANG_WARN_DIRECT_OBJC_ISA_USAGE = YES_ERROR;
				CLANG_WARN_DOCUMENTATION_COMMENTS = YES;
				CLANG_WARN_EMPTY_BODY = YES;
				CLANG_WARN_ENUM_CONVERSION = YES;
				CLANG_WARN_INFINITE_RECURSION = YES;
				CLANG_WARN_INT_CONVERSION = YES;
				CLANG_WARN_NON_LITERAL_NULL_CONVERSION = YES;
				CLANG_WARN_OBJC_IMPLICIT_RETAIN_SELF = YES;
				CLANG_WARN_OBJC_LITERAL_CONVERSION = YES;
				CLANG_WARN_OBJC_ROOT_CLASS = YES_ERROR;
				CLANG_WARN_QUOTED_INCLUDE_IN_FRAMEWORK_HEADER = YES;
				CLANG_WARN_RANGE_LOOP_ANALYSIS = YES;
				CLANG_WARN_STRICT_PROTOTYPES = YES;
				CLANG_WARN_SUSPICIOUS_MOVE = YES;
				CLANG_WARN_UNGUARDED_AVAILABILITY = YES_AGGRESSIVE;
				CLANG_WARN_UNREACHABLE_CODE = YES;
				CLANG_WARN__DUPLICATE_METHOD_MATCH = YES;
				COPY_PHASE_STRIP = NO;
				DEBUG_INFORMATION_FORMAT = dwarf;
				ENABLE_STRICT_OBJC_MSGSEND = YES;
				ENABLE_TESTABILITY = YES;
				GCC_C_LANGUAGE_STANDARD = gnu11;
				GCC_DYNAMIC_NO_PIC = NO;
				GCC_NO_COMMON_BLOCKS = YES;
				GCC_OPTIMIZATION_LEVEL = 0;
				GCC_PREPROCESSOR_DEFINITIONS = (
					"DEBUG=1",
					"$(inherited)",
				);
				GCC_WARN_64_TO_32_BIT_CONVERSION = YES;
				GCC_WARN_ABOUT_RETURN_TYPE = YES_ERROR;
				GCC_WARN_UNDECLARED_SELECTOR = YES;
				GCC_WARN_UNINITIALIZED_AUTOS = YES_AGGRESSIVE;
				GCC_WARN_UNUSED_FUNCTION = YES;
				GCC_WARN_UNUSED_VARIABLE = YES;
				IPHONEOS_DEPLOYMENT_TARGET = 14.3;
				MTL_ENABLE_DEBUG_INFO = INCLUDE_SOURCE;
				MTL_FAST_MATH = YES;
				ONLY_ACTIVE_ARCH = YES;
				SDKROOT = iphoneos;
				SWIFT_ACTIVE_COMPILATION_CONDITIONS = DEBUG;
				SWIFT_OPTIMIZATION_LEVEL = "-Onone";
			};
			name = Debug;
		};
		CD012BCA25BB629C00979ED1 /* Release */ = {
			isa = XCBuildConfiguration;
			buildSettings = {
				ALWAYS_SEARCH_USER_PATHS = NO;
				CLANG_ANALYZER_NONNULL = YES;
				CLANG_ANALYZER_NUMBER_OBJECT_CONVERSION = YES_AGGRESSIVE;
				CLANG_CXX_LANGUAGE_STANDARD = "gnu++14";
				CLANG_CXX_LIBRARY = "libc++";
				CLANG_ENABLE_MODULES = YES;
				CLANG_ENABLE_OBJC_ARC = YES;
				CLANG_ENABLE_OBJC_WEAK = YES;
				CLANG_WARN_BLOCK_CAPTURE_AUTORELEASING = YES;
				CLANG_WARN_BOOL_CONVERSION = YES;
				CLANG_WARN_COMMA = YES;
				CLANG_WARN_CONSTANT_CONVERSION = YES;
				CLANG_WARN_DEPRECATED_OBJC_IMPLEMENTATIONS = YES;
				CLANG_WARN_DIRECT_OBJC_ISA_USAGE = YES_ERROR;
				CLANG_WARN_DOCUMENTATION_COMMENTS = YES;
				CLANG_WARN_EMPTY_BODY = YES;
				CLANG_WARN_ENUM_CONVERSION = YES;
				CLANG_WARN_INFINITE_RECURSION = YES;
				CLANG_WARN_INT_CONVERSION = YES;
				CLANG_WARN_NON_LITERAL_NULL_CONVERSION = YES;
				CLANG_WARN_OBJC_IMPLICIT_RETAIN_SELF = YES;
				CLANG_WARN_OBJC_LITERAL_CONVERSION = YES;
				CLANG_WARN_OBJC_ROOT_CLASS = YES_ERROR;
				CLANG_WARN_QUOTED_INCLUDE_IN_FRAMEWORK_HEADER = YES;
				CLANG_WARN_RANGE_LOOP_ANALYSIS = YES;
				CLANG_WARN_STRICT_PROTOTYPES = YES;
				CLANG_WARN_SUSPICIOUS_MOVE = YES;
				CLANG_WARN_UNGUARDED_AVAILABILITY = YES_AGGRESSIVE;
				CLANG_WARN_UNREACHABLE_CODE = YES;
				CLANG_WARN__DUPLICATE_METHOD_MATCH = YES;
				COPY_PHASE_STRIP = NO;
				DEBUG_INFORMATION_FORMAT = "dwarf-with-dsym";
				ENABLE_NS_ASSERTIONS = NO;
				ENABLE_STRICT_OBJC_MSGSEND = YES;
				GCC_C_LANGUAGE_STANDARD = gnu11;
				GCC_NO_COMMON_BLOCKS = YES;
				GCC_WARN_64_TO_32_BIT_CONVERSION = YES;
				GCC_WARN_ABOUT_RETURN_TYPE = YES_ERROR;
				GCC_WARN_UNDECLARED_SELECTOR = YES;
				GCC_WARN_UNINITIALIZED_AUTOS = YES_AGGRESSIVE;
				GCC_WARN_UNUSED_FUNCTION = YES;
				GCC_WARN_UNUSED_VARIABLE = YES;
				IPHONEOS_DEPLOYMENT_TARGET = 14.3;
				MTL_ENABLE_DEBUG_INFO = NO;
				MTL_FAST_MATH = YES;
				SDKROOT = iphoneos;
				SWIFT_COMPILATION_MODE = wholemodule;
				SWIFT_OPTIMIZATION_LEVEL = "-O";
				VALIDATE_PRODUCT = YES;
			};
			name = Release;
		};
		CD012BCC25BB629C00979ED1 /* Debug */ = {
			isa = XCBuildConfiguration;
			buildSettings = {
				ASSETCATALOG_COMPILER_APPICON_NAME = AppIcon;
				ASSETCATALOG_COMPILER_GLOBAL_ACCENT_COLOR_NAME = AccentColor;
				CODE_SIGN_STYLE = Automatic;
				DEVELOPMENT_TEAM = 37RX5A56JB;
				INFOPLIST_FILE = "Side Out Menu/Info.plist";
				LD_RUNPATH_SEARCH_PATHS = (
					"$(inherited)",
					"@executable_path/Frameworks",
				);
				PRODUCT_BUNDLE_IDENTIFIER = "com.harleensingh.Side-Out-Menu";
				PRODUCT_NAME = "$(TARGET_NAME)";
				SWIFT_VERSION = 5.0;
				TARGETED_DEVICE_FAMILY = "1,2";
			};
			name = Debug;
		};
		CD012BCD25BB629C00979ED1 /* Release */ = {
			isa = XCBuildConfiguration;
			buildSettings = {
				ASSETCATALOG_COMPILER_APPICON_NAME = AppIcon;
				ASSETCATALOG_COMPILER_GLOBAL_ACCENT_COLOR_NAME = AccentColor;
				CODE_SIGN_STYLE = Automatic;
				DEVELOPMENT_TEAM = 37RX5A56JB;
				INFOPLIST_FILE = "Side Out Menu/Info.plist";
				LD_RUNPATH_SEARCH_PATHS = (
					"$(inherited)",
					"@executable_path/Frameworks",
				);
				PRODUCT_BUNDLE_IDENTIFIER = "com.harleensingh.Side-Out-Menu";
				PRODUCT_NAME = "$(TARGET_NAME)";
				SWIFT_VERSION = 5.0;
				TARGETED_DEVICE_FAMILY = "1,2";
			};
			name = Release;
		};
/* End XCBuildConfiguration section */

/* Begin XCConfigurationList section */
		CD012BB225BB629C00979ED1 /* Build configuration list for PBXProject "Side Out Menu" */ = {
			isa = XCConfigurationList;
			buildConfigurations = (
				CD012BC925BB629C00979ED1 /* Debug */,
				CD012BCA25BB629C00979ED1 /* Release */,
			);
			defaultConfigurationIsVisible = 0;
			defaultConfigurationName = Release;
		};
		CD012BCB25BB629C00979ED1 /* Build configuration list for PBXNativeTarget "Side Out Menu" */ = {
			isa = XCConfigurationList;
			buildConfigurations = (
				CD012BCC25BB629C00979ED1 /* Debug */,
				CD012BCD25BB629C00979ED1 /* Release */,
			);
			defaultConfigurationIsVisible = 0;
			defaultConfigurationName = Release;
		};
/* End XCConfigurationList section */
	};
	rootObject = CD012BAF25BB629C00979ED1 /* Project object */;
}
